{
  "nodes": {
    "nixpkgs": {
      "locked": {
        "lastModified": 1787518936,
        "narHash": "sha256-xpQpohI3DeMvY+xwFor5wro7qgrk8PNozPYmdGj2Xmo=",
        "owner": "NixOS",
        "repo": "nixpkgs",
        "rev": "31424abaa583fe8b960add721c3b594bc2a51de9",
        "type": "github"
      },
      "original": {
        "owner": "NixOS",
        "repo": "nixpkgs",
        "type": "github"
      }
    },
    "root": {
      "inputs": {
        "nixpkgs": "nixpkgs"
      }
    }
  },
  "root": "root",
  "version": 7
}
