{
  "nodes": {
    "nixpkgs": {
      "locked": {
        "lastModified": 1788189226,
        "narHash": "sha256-vGuAqfDiBAac2CPZbpQhpW2jfK5x51r29t3TFZomiFw=",
        "owner": "NixOS",
        "repo": "nixpkgs",
        "rev": "8aea7d0e7f9b91ae60d98c1411b1169aa0da7929",
        "type": "github"
      },
      "original": {
        "owner": "NixOS",
        "repo": "nixpkgs",
        "type": "github"
      }
    },
    "root": {
      "inputs": {
        "nixpkgs": "nixpkgs"
      }
    }
  },
  "root": "root",
  "version": 7
}
