{
  "nodes": {
    "improve": {
      "flake": false,
      "locked": {
        "lastModified": 1781504319,
        "narHash": "sha256-m0a1n8xguDI2nooJ856sWPofh+tZI5VvIrVZrQH6XgY=",
        "owner": "shadcn",
        "repo": "improve",
        "rev": "03369ee6d7cafbfcecc4346539b05b3dc0a603bb",
        "type": "github"
      },
      "original": {
        "owner": "shadcn",
        "repo": "improve",
        "type": "github"
      }
    },
    "mattpocock": {
      "flake": false,
      "locked": {
        "lastModified": 1784192592,
        "narHash": "sha256-S6pARK99oGGSi6XdFm6zYKHT4gjOCN0wIPZFcl1hREE=",
        "owner": "mattpocock",
        "repo": "skills",
        "rev": "9603c1cc8118d08bc1b3bf34cf714f62178dea3b",
        "type": "github"
      },
      "original": {
        "owner": "mattpocock",
        "repo": "skills",
        "type": "github"
      }
    },
    "nixpkgs": {
      "locked": {
        "lastModified": 1784364478,
        "narHash": "sha256-eiNlOqzMSGC+sKwgrhkBK/Mn4n717NV1DEfJqHBVhgg=",
        "rev": "20535e48e12c86043b577b8518234ff5dbb26957",
        "type": "tarball",
        "url": "https://releases.nixos.org/nixpkgs/nixpkgs-26.11pre1036836.20535e48e12c/nixexprs.tar.xz"
      },
      "original": {
        "id": "nixpkgs",
        "type": "indirect"
      }
    },
    "root": {
      "inputs": {
        "improve": "improve",
        "mattpocock": "mattpocock",
        "nixpkgs": "nixpkgs",
        "superpowers": "superpowers",
        "trialofbits": "trialofbits"
      }
    },
    "superpowers": {
      "flake": false,
      "locked": {
        "lastModified": 1783029415,
        "narHash": "sha256-kHdQ9e44doBk2yYW88tMSCqVG8ycYcvJSZlrIziXhpA=",
        "owner": "obra",
        "repo": "superpowers",
        "rev": "d884ae04edebef577e82ff7c4e143debd0bbec99",
        "type": "github"
      },
      "original": {
        "owner": "obra",
        "repo": "superpowers",
        "type": "github"
      }
    },
    "trialofbits": {
      "flake": false,
      "locked": {
        "lastModified": 1782832486,
        "narHash": "sha256-hOA3v+QFGJLkw7OVPSzjtCZXS7zU792AfqGNdSNgsgA=",
        "owner": "trailofbits",
        "repo": "skills",
        "rev": "cfe5d7b1619e47fb5b38b7e2561dad7e5f1e89af",
        "type": "github"
      },
      "original": {
        "owner": "trailofbits",
        "repo": "skills",
        "type": "github"
      }
    }
  },
  "root": "root",
  "version": 7
}
